
Microsoft Visual Studio Solution File, Format Version 12.00
# Visual Studio Version 17
VisualStudioVersion = 17.0.31903.59
MinimumVisualStudioVersion = 10.0.40219.1
Project("{9A19103F-16F7-4668-BE54-9A1E7A4F7556}") = "Janawat.EmailService.Worker", "Janawat.EmailService.Worker\Janawat.EmailService.Worker.csproj", "{CA49384A-CA93-4DFA-B61D-19D7CE8643AA}"
EndProject
Project("{FAE04EC0-301F-11D3-BF4B-00C04F79EFBC}") = "Janawat.EmailService.Jobs", "Janawat.EmailService.Jobs\Janawat.EmailService.Jobs.csproj", "{893EFCDD-A72B-478E-9EEA-C5E2B2D027F2}"
EndProject
Global
	GlobalSection(SolutionConfigurationPlatforms) = preSolution
		Debug|Any CPU = Debug|Any CPU
		Release|Any CPU = Release|Any CPU
	EndGlobalSection
	GlobalSection(ProjectConfigurationPlatforms) = postSolution
		{CA49384A-CA93-4DFA-B61D-19D7CE8643AA}.Debug|Any CPU.ActiveCfg = Debug|Any CPU
		{CA49384A-CA93-4DFA-B61D-19D7CE8643AA}.Debug|Any CPU.Build.0 = Debug|Any CPU
		{CA49384A-CA93-4DFA-B61D-19D7CE8643AA}.Release|Any CPU.ActiveCfg = Release|Any CPU
		{CA49384A-CA93-4DFA-B61D-19D7CE8643AA}.Release|Any CPU.Build.0 = Release|Any CPU
		{893EFCDD-A72B-478E-9EEA-C5E2B2D027F2}.Debug|Any CPU.ActiveCfg = Debug|Any CPU
		{893EFCDD-A72B-478E-9EEA-C5E2B2D027F2}.Debug|Any CPU.Build.0 = Debug|Any CPU
		{893EFCDD-A72B-478E-9EEA-C5E2B2D027F2}.Release|Any CPU.ActiveCfg = Release|Any CPU
		{893EFCDD-A72B-478E-9EEA-C5E2B2D027F2}.Release|Any CPU.Build.0 = Release|Any CPU
	EndGlobalSection
	GlobalSection(SolutionProperties) = preSolution
		HideSolutionNode = FALSE
	EndGlobalSection
	GlobalSection(ExtensibilityGlobals) = postSolution
		SolutionGuid = {2095C442-E856-49DC-8136-5A8FB8BFDAAF}
	EndGlobalSection
EndGlobal
